
Microsoft Visual Studio Solution File, Format Version 12.00
# Visual Studio Version 16
VisualStudioVersion = 16.0.31424.327
MinimumVisualStudioVersion = 10.0.40219.1
Project("{9A19103F-16F7-4668-BE54-9A1E7A4F7556}") = "RestApi", "RestApi\RestApi.csproj", "{24511088-3891-4943-86D3-F95B360EE326}"
EndProject
Project("{9A19103F-16F7-4668-BE54-9A1E7A4F7556}") = "Persistence", "Persistence\Persistence.csproj", "{668921D3-FD2B-4730-93B6-6FDC3D2812B3}"
EndProject
Project("{FAE04EC0-301F-11D3-BF4B-00C04F79EFBC}") = "Contracts", "Contracts\Contracts.csproj", "{7CE053AD-1856-44D1-AAA5-DF9CE0BA75FB}"
EndProject
Global
	GlobalSection(SolutionConfigurationPlatforms) = preSolution
		Debug|Any CPU = Debug|Any CPU
		Release|Any CPU = Release|Any CPU
	EndGlobalSection
	GlobalSection(ProjectConfigurationPlatforms) = postSolution
		{24511088-3891-4943-86D3-F95B360EE326}.Debug|Any CPU.ActiveCfg = Debug|Any CPU
		{24511088-3891-4943-86D3-F95B360EE326}.Debug|Any CPU.Build.0 = Debug|Any CPU
		{24511088-3891-4943-86D3-F95B360EE326}.Release|Any CPU.ActiveCfg = Release|Any CPU
		{24511088-3891-4943-86D3-F95B360EE326}.Release|Any CPU.Build.0 = Release|Any CPU
		{668921D3-FD2B-4730-93B6-6FDC3D2812B3}.Debug|Any CPU.ActiveCfg = Debug|Any CPU
		{668921D3-FD2B-4730-93B6-6FDC3D2812B3}.Debug|Any CPU.Build.0 = Debug|Any CPU
		{668921D3-FD2B-4730-93B6-6FDC3D2812B3}.Release|Any CPU.ActiveCfg = Release|Any CPU
		{668921D3-FD2B-4730-93B6-6FDC3D2812B3}.Release|Any CPU.Build.0 = Release|Any CPU
		{7CE053AD-1856-44D1-AAA5-DF9CE0BA75FB}.Debug|Any CPU.ActiveCfg = Debug|Any CPU
		{7CE053AD-1856-44D1-AAA5-DF9CE0BA75FB}.Debug|Any CPU.Build.0 = Debug|Any CPU
		{7CE053AD-1856-44D1-AAA5-DF9CE0BA75FB}.Release|Any CPU.ActiveCfg = Release|Any CPU
		{7CE053AD-1856-44D1-AAA5-DF9CE0BA75FB}.Release|Any CPU.Build.0 = Release|Any CPU
	EndGlobalSection
	GlobalSection(SolutionProperties) = preSolution
		HideSolutionNode = FALSE
	EndGlobalSection
	GlobalSection(ExtensibilityGlobals) = postSolution
		SolutionGuid = {BF3009C1-459B-4A01-9B9B-26FE7D19C22E}
	EndGlobalSection
EndGlobal
